// !$*UTF8*$!
{
	archiveVersion = 1;
	classes = {
	};
	objectVersion = 56;
	objects = {

/* Begin PBXBuildFile section */
		FB5198EA2BB73D5400F21342 /* GameScene.swift in Sources */ = {isa = PBXBuildFile; fileRef = FB5198E92BB73D5400F21342 /* GameScene.swift */; };
		FB68D93E2BEE59AE00E19E32 /* Collectible3.swift in Sources */ = {isa = PBXBuildFile; fileRef = FB68D93D2BEE59AE00E19E32 /* Collectible3.swift */; };
		FB7433052B9F447B0093ED6F /* bubbles.mp3 in Resources */ = {isa = PBXBuildFile; fileRef = FB7432FF2B9F447B0093ED6F /* bubbles.mp3 */; };
		FB7433062B9F447B0093ED6F /* collect.wav in Resources */ = {isa = PBXBuildFile; fileRef = FB7433002B9F447B0093ED6F /* collect.wav */; };
		FB7433072B9F447B0093ED6F /* miss.wav in Resources */ = {isa = PBXBuildFile; fileRef = FB7433012B9F447B0093ED6F /* miss.wav */; };
		FB76CE7D2BA07CB100DB8BBF /* kitchen.mp3 in Resources */ = {isa = PBXBuildFile; fileRef = FB76CE7C2BA07CB100DB8BBF /* kitchen.mp3 */; };
		FB76CE7F2BA0838100DB8BBF /* music.mp3 in Resources */ = {isa = PBXBuildFile; fileRef = FB76CE7E2BA0838100DB8BBF /* music.mp3 */; };
		FB7E68402BBF189600D07CD6 /* Collectible2.swift in Sources */ = {isa = PBXBuildFile; fileRef = FB7E683F2BBF189600D07CD6 /* Collectible2.swift */; };
		FB82BF6A2C01064F0011AE9A /* item_given.mp3 in Resources */ = {isa = PBXBuildFile; fileRef = FB82BF692C01064F0011AE9A /* item_given.mp3 */; };
		FB82BF6C2C0106A90011AE9A /* item_collected.mp3 in Resources */ = {isa = PBXBuildFile; fileRef = FB82BF6B2C0106A90011AE9A /* item_collected.mp3 */; };
		FB82BF6E2C0106FA0011AE9A /* game_won.mp3 in Resources */ = {isa = PBXBuildFile; fileRef = FB82BF6D2C0106FA0011AE9A /* game_won.mp3 */; };
		FB82BF702C0120930011AE9A /* gameover.mp3 in Resources */ = {isa = PBXBuildFile; fileRef = FB82BF6F2C0120930011AE9A /* gameover.mp3 */; };
		FBA2AAC62C01684D00EED121 /* error.mp3 in Resources */ = {isa = PBXBuildFile; fileRef = FBA2AAC52C01684D00EED121 /* error.mp3 */; };
		FBB0AD202BE5835D00398031 /* GameThree.swift in Sources */ = {isa = PBXBuildFile; fileRef = FBB0AD1F2BE5835D00398031 /* GameThree.swift */; };
		FBC561712BBE04A800D8AF8F /* GameTwo.swift in Sources */ = {isa = PBXBuildFile; fileRef = FBC561702BBE04A800D8AF8F /* GameTwo.swift */; };
		FBEB51482BA1D96B006A7943 /* quak.mp3 in Resources */ = {isa = PBXBuildFile; fileRef = FBEB51472BA1D96B006A7943 /* quak.mp3 */; };
		FBF563B92B9A89ED007EC769 /* AppDelegate.swift in Sources */ = {isa = PBXBuildFile; fileRef = FBF563B82B9A89ED007EC769 /* AppDelegate.swift */; };
		FBF563BF2B9A89ED007EC769 /* GameOne.swift in Sources */ = {isa = PBXBuildFile; fileRef = FBF563BE2B9A89ED007EC769 /* GameOne.swift */; };
		FBF563C12B9A89ED007EC769 /* GameViewController.swift in Sources */ = {isa = PBXBuildFile; fileRef = FBF563C02B9A89ED007EC769 /* GameViewController.swift */; };
		FBF563C42B9A89ED007EC769 /* Main.storyboard in Resources */ = {isa = PBXBuildFile; fileRef = FBF563C22B9A89ED007EC769 /* Main.storyboard */; };
		FBF563C62B9A89EE007EC769 /* Assets.xcassets in Resources */ = {isa = PBXBuildFile; fileRef = FBF563C52B9A89EE007EC769 /* Assets.xcassets */; };
		FBF563C92B9A89EE007EC769 /* LaunchScreen.storyboard in Resources */ = {isa = PBXBuildFile; fileRef = FBF563C72B9A89EE007EC769 /* LaunchScreen.storyboard */; };
		FBF563D02B9A9A20007EC769 /* Player.swift in Sources */ = {isa = PBXBuildFile; fileRef = FBF563CF2B9A9A20007EC769 /* Player.swift */; };
		FBF563D22B9A9A7D007EC769 /* SpriteKitHelper.swift in Sources */ = {isa = PBXBuildFile; fileRef = FBF563D12B9A9A7D007EC769 /* SpriteKitHelper.swift */; };
		FBF563D42B9B4885007EC769 /* Collectible.swift in Sources */ = {isa = PBXBuildFile; fileRef = FBF563D32B9B4885007EC769 /* Collectible.swift */; };
/* End PBXBuildFile section */

/* Begin PBXFileReference section */
		FB5198E92BB73D5400F21342 /* GameScene.swift */ = {isa = PBXFileReference; lastKnownFileType = sourcecode.swift; path = GameScene.swift; sourceTree = "<group>"; };
		FB5CD63E2BEA9D5400004D18 /* TODO.md */ = {isa = PBXFileReference; lastKnownFileType = net.daringfireball.markdown; path = TODO.md; sourceTree = "<group>"; };
		FB68D93D2BEE59AE00E19E32 /* Collectible3.swift */ = {isa = PBXFileReference; lastKnownFileType = sourcecode.swift; path = Collectible3.swift; sourceTree = "<group>"; };
		FB7432FF2B9F447B0093ED6F /* bubbles.mp3 */ = {isa = PBXFileReference; lastKnownFileType = audio.mp3; path = bubbles.mp3; sourceTree = "<group>"; };
		FB7433002B9F447B0093ED6F /* collect.wav */ = {isa = PBXFileReference; lastKnownFileType = audio.wav; path = collect.wav; sourceTree = "<group>"; };
		FB7433012B9F447B0093ED6F /* miss.wav */ = {isa = PBXFileReference; lastKnownFileType = audio.wav; path = miss.wav; sourceTree = "<group>"; };
		FB76CE7C2BA07CB100DB8BBF /* kitchen.mp3 */ = {isa = PBXFileReference; lastKnownFileType = audio.mp3; path = kitchen.mp3; sourceTree = "<group>"; };
		FB76CE7E2BA0838100DB8BBF /* music.mp3 */ = {isa = PBXFileReference; lastKnownFileType = audio.mp3; path = music.mp3; sourceTree = "<group>"; };
		FB7E683F2BBF189600D07CD6 /* Collectible2.swift */ = {isa = PBXFileReference; lastKnownFileType = sourcecode.swift; path = Collectible2.swift; sourceTree = "<group>"; };
		FB82BF692C01064F0011AE9A /* item_given.mp3 */ = {isa = PBXFileReference; lastKnownFileType = audio.mp3; path = item_given.mp3; sourceTree = "<group>"; };
		FB82BF6B2C0106A90011AE9A /* item_collected.mp3 */ = {isa = PBXFileReference; lastKnownFileType = audio.mp3; path = item_collected.mp3; sourceTree = "<group>"; };
		FB82BF6D2C0106FA0011AE9A /* game_won.mp3 */ = {isa = PBXFileReference; lastKnownFileType = audio.mp3; path = game_won.mp3; sourceTree = "<group>"; };
		FB82BF6F2C0120930011AE9A /* gameover.mp3 */ = {isa = PBXFileReference; lastKnownFileType = audio.mp3; path = gameover.mp3; sourceTree = "<group>"; };
		FBA2AAC52C01684D00EED121 /* error.mp3 */ = {isa = PBXFileReference; lastKnownFileType = audio.mp3; path = error.mp3; sourceTree = "<group>"; };
		FBB0AD1F2BE5835D00398031 /* GameThree.swift */ = {isa = PBXFileReference; lastKnownFileType = sourcecode.swift; path = GameThree.swift; sourceTree = "<group>"; };
		FBC561702BBE04A800D8AF8F /* GameTwo.swift */ = {isa = PBXFileReference; lastKnownFileType = sourcecode.swift; path = GameTwo.swift; sourceTree = "<group>"; };
		FBEB51472BA1D96B006A7943 /* quak.mp3 */ = {isa = PBXFileReference; lastKnownFileType = audio.mp3; path = quak.mp3; sourceTree = "<group>"; };
		FBF563B52B9A89ED007EC769 /* trialshift.app */ = {isa = PBXFileReference; explicitFileType = wrapper.application; includeInIndex = 0; path = trialshift.app; sourceTree = BUILT_PRODUCTS_DIR; };
		FBF563B82B9A89ED007EC769 /* AppDelegate.swift */ = {isa = PBXFileReference; lastKnownFileType = sourcecode.swift; path = AppDelegate.swift; sourceTree = "<group>"; };
		FBF563BE2B9A89ED007EC769 /* GameOne.swift */ = {isa = PBXFileReference; lastKnownFileType = sourcecode.swift; path = GameOne.swift; sourceTree = "<group>"; };
		FBF563C02B9A89ED007EC769 /* GameViewController.swift */ = {isa = PBXFileReference; lastKnownFileType = sourcecode.swift; path = GameViewController.swift; sourceTree = "<group>"; };
		FBF563C32B9A89ED007EC769 /* Base */ = {isa = PBXFileReference; lastKnownFileType = file.storyboard; name = Base; path = Base.lproj/Main.storyboard; sourceTree = "<group>"; };
		FBF563C52B9A89EE007EC769 /* Assets.xcassets */ = {isa = PBXFileReference; lastKnownFileType = folder.assetcatalog; path = Assets.xcassets; sourceTree = "<group>"; };
		FBF563C82B9A89EE007EC769 /* Base */ = {isa = PBXFileReference; lastKnownFileType = file.storyboard; name = Base; path = Base.lproj/LaunchScreen.storyboard; sourceTree = "<group>"; };
		FBF563CF2B9A9A20007EC769 /* Player.swift */ = {isa = PBXFileReference; lastKnownFileType = sourcecode.swift; path = Player.swift; sourceTree = "<group>"; };
		FBF563D12B9A9A7D007EC769 /* SpriteKitHelper.swift */ = {isa = PBXFileReference; lastKnownFileType = sourcecode.swift; path = SpriteKitHelper.swift; sourceTree = "<group>"; };
		FBF563D32B9B4885007EC769 /* Collectible.swift */ = {isa = PBXFileReference; lastKnownFileType = sourcecode.swift; path = Collectible.swift; sourceTree = "<group>"; };
/* End PBXFileReference section */

/* Begin PBXFrameworksBuildPhase section */
		FBF563B22B9A89ED007EC769 /* Frameworks */ = {
			isa = PBXFrameworksBuildPhase;
			buildActionMask = 2147483647;
			files = (
			);
			runOnlyForDeploymentPostprocessing = 0;
		};
/* End PBXFrameworksBuildPhase section */

/* Begin PBXGroup section */
		FB7432FE2B9F447B0093ED6F /* Sounds */ = {
			isa = PBXGroup;
			children = (
				FBEB51472BA1D96B006A7943 /* quak.mp3 */,
				FB76CE7C2BA07CB100DB8BBF /* kitchen.mp3 */,
				FB7432FF2B9F447B0093ED6F /* bubbles.mp3 */,
				FB7433002B9F447B0093ED6F /* collect.wav */,
				FB82BF692C01064F0011AE9A /* item_given.mp3 */,
				FB7433012B9F447B0093ED6F /* miss.wav */,
				FB82BF6B2C0106A90011AE9A /* item_collected.mp3 */,
				FB82BF6D2C0106FA0011AE9A /* game_won.mp3 */,
				FB82BF6F2C0120930011AE9A /* gameover.mp3 */,
				FBA2AAC52C01684D00EED121 /* error.mp3 */,
			);
			path = Sounds;
			sourceTree = "<group>";
		};
		FBDC0A302B9FD3CC005B534B /* Music */ = {
			isa = PBXGroup;
			children = (
				FB76CE7E2BA0838100DB8BBF /* music.mp3 */,
			);
			path = Music;
			sourceTree = "<group>";
		};
		FBF563AC2B9A89ED007EC769 = {
			isa = PBXGroup;
			children = (
				FB5CD63E2BEA9D5400004D18 /* TODO.md */,
				FBF563B72B9A89ED007EC769 /* trialshift */,
				FBF563B62B9A89ED007EC769 /* Products */,
			);
			sourceTree = "<group>";
		};
		FBF563B62B9A89ED007EC769 /* Products */ = {
			isa = PBXGroup;
			children = (
				FBF563B52B9A89ED007EC769 /* trialshift.app */,
			);
			name = Products;
			sourceTree = "<group>";
		};
		FBF563B72B9A89ED007EC769 /* trialshift */ = {
			isa = PBXGroup;
			children = (
				FBF563B82B9A89ED007EC769 /* AppDelegate.swift */,
				FBF563BE2B9A89ED007EC769 /* GameOne.swift */,
				FBC561702BBE04A800D8AF8F /* GameTwo.swift */,
				FBB0AD1F2BE5835D00398031 /* GameThree.swift */,
				FBF563C02B9A89ED007EC769 /* GameViewController.swift */,
				FBF563C22B9A89ED007EC769 /* Main.storyboard */,
				FBF563C52B9A89EE007EC769 /* Assets.xcassets */,
				FBF563D32B9B4885007EC769 /* Collectible.swift */,
				FB7E683F2BBF189600D07CD6 /* Collectible2.swift */,
				FB68D93D2BEE59AE00E19E32 /* Collectible3.swift */,
				FBF563CF2B9A9A20007EC769 /* Player.swift */,
				FB5198E92BB73D5400F21342 /* GameScene.swift */,
				FBF563D12B9A9A7D007EC769 /* SpriteKitHelper.swift */,
				FBF563C72B9A89EE007EC769 /* LaunchScreen.storyboard */,
				FBDC0A302B9FD3CC005B534B /* Music */,
				FB7432FE2B9F447B0093ED6F /* Sounds */,
			);
			path = trialshift;
			sourceTree = "<group>";
		};
/* End PBXGroup section */

/* Begin PBXNativeTarget section */
		FBF563B42B9A89ED007EC769 /* trialshift */ = {
			isa = PBXNativeTarget;
			buildConfigurationList = FBF563CC2B9A89EE007EC769 /* Build configuration list for PBXNativeTarget "trialshift" */;
			buildPhases = (
				FBF563B12B9A89ED007EC769 /* Sources */,
				FBF563B22B9A89ED007EC769 /* Frameworks */,
				FBF563B32B9A89ED007EC769 /* Resources */,
			);
			buildRules = (
			);
			dependencies = (
			);
			name = trialshift;
			productName = trialshift;
			productReference = FBF563B52B9A89ED007EC769 /* trialshift.app */;
			productType = "com.apple.product-type.application";
		};
/* End PBXNativeTarget section */

/* Begin PBXProject section */
		FBF563AD2B9A89ED007EC769 /* Project object */ = {
			isa = PBXProject;
			attributes = {
				BuildIndependentTargetsInParallel = 1;
				LastSwiftUpdateCheck = 1510;
				LastUpgradeCheck = 1510;
				TargetAttributes = {
					FBF563B42B9A89ED007EC769 = {
						CreatedOnToolsVersion = 15.1;
					};
				};
			};
			buildConfigurationList = FBF563B02B9A89ED007EC769 /* Build configuration list for PBXProject "trialshift" */;
			compatibilityVersion = "Xcode 14.0";
			developmentRegion = en;
			hasScannedForEncodings = 0;
			knownRegions = (
				en,
				Base,
			);
			mainGroup = FBF563AC2B9A89ED007EC769;
			productRefGroup = FBF563B62B9A89ED007EC769 /* Products */;
			projectDirPath = "";
			projectRoot = "";
			targets = (
				FBF563B42B9A89ED007EC769 /* trialshift */,
			);
		};
/* End PBXProject section */

/* Begin PBXResourcesBuildPhase section */
		FBF563B32B9A89ED007EC769 /* Resources */ = {
			isa = PBXResourcesBuildPhase;
			buildActionMask = 2147483647;
			files = (
				FB7433072B9F447B0093ED6F /* miss.wav in Resources */,
				FB82BF6C2C0106A90011AE9A /* item_collected.mp3 in Resources */,
				FB7433062B9F447B0093ED6F /* collect.wav in Resources */,
				FB82BF6E2C0106FA0011AE9A /* game_won.mp3 in Resources */,
				FB7433052B9F447B0093ED6F /* bubbles.mp3 in Resources */,
				FBA2AAC62C01684D00EED121 /* error.mp3 in Resources */,
				FB76CE7D2BA07CB100DB8BBF /* kitchen.mp3 in Resources */,
				FBF563C42B9A89ED007EC769 /* Main.storyboard in Resources */,
				FB82BF702C0120930011AE9A /* gameover.mp3 in Resources */,
				FB76CE7F2BA0838100DB8BBF /* music.mp3 in Resources */,
				FBF563C62B9A89EE007EC769 /* Assets.xcassets in Resources */,
				FB82BF6A2C01064F0011AE9A /* item_given.mp3 in Resources */,
				FBEB51482BA1D96B006A7943 /* quak.mp3 in Resources */,
				FBF563C92B9A89EE007EC769 /* LaunchScreen.storyboard in Resources */,
			);
			runOnlyForDeploymentPostprocessing = 0;
		};
/* End PBXResourcesBuildPhase section */

/* Begin PBXSourcesBuildPhase section */
		FBF563B12B9A89ED007EC769 /* Sources */ = {
			isa = PBXSourcesBuildPhase;
			buildActionMask = 2147483647;
			files = (
				FBF563D02B9A9A20007EC769 /* Player.swift in Sources */,
				FBF563BF2B9A89ED007EC769 /* GameOne.swift in Sources */,
				FBB0AD202BE5835D00398031 /* GameThree.swift in Sources */,
				FB68D93E2BEE59AE00E19E32 /* Collectible3.swift in Sources */,
				FBF563D42B9B4885007EC769 /* Collectible.swift in Sources */,
				FB7E68402BBF189600D07CD6 /* Collectible2.swift in Sources */,
				FBF563C12B9A89ED007EC769 /* GameViewController.swift in Sources */,
				FBC561712BBE04A800D8AF8F /* GameTwo.swift in Sources */,
				FB5198EA2BB73D5400F21342 /* GameScene.swift in Sources */,
				FBF563D22B9A9A7D007EC769 /* SpriteKitHelper.swift in Sources */,
				FBF563B92B9A89ED007EC769 /* AppDelegate.swift in Sources */,
			);
			runOnlyForDeploymentPostprocessing = 0;
		};
/* End PBXSourcesBuildPhase section */

/* Begin PBXVariantGroup section */
		FBF563C22B9A89ED007EC769 /* Main.storyboard */ = {
			isa = PBXVariantGroup;
			children = (
				FBF563C32B9A89ED007EC769 /* Base */,
			);
			name = Main.storyboard;
			sourceTree = "<group>";
		};
		FBF563C72B9A89EE007EC769 /* LaunchScreen.storyboard */ = {
			isa = PBXVariantGroup;
			children = (
				FBF563C82B9A89EE007EC769 /* Base */,
			);
			name = LaunchScreen.storyboard;
			sourceTree = "<group>";
		};
/* End PBXVariantGroup section */

/* Begin XCBuildConfiguration section */
		FBF563CA2B9A89EE007EC769 /* Debug */ = {
			isa = XCBuildConfiguration;
			buildSettings = {
				ALWAYS_SEARCH_USER_PATHS = NO;
				ASSETCATALOG_COMPILER_GENERATE_SWIFT_ASSET_SYMBOL_EXTENSIONS = YES;
				CLANG_ANALYZER_NONNULL = YES;
				CLANG_ANALYZER_NUMBER_OBJECT_CONVERSION = YES_AGGRESSIVE;
				CLANG_CXX_LANGUAGE_STANDARD = "gnu++20";
				CLANG_ENABLE_MODULES = YES;
				CLANG_ENABLE_OBJC_ARC = YES;
				CLANG_ENABLE_OBJC_WEAK = YES;
				CLANG_WARN_BLOCK_CAPTURE_AUTORELEASING = YES;
				CLANG_WARN_BOOL_CONVERSION = YES;
				CLANG_WARN_COMMA = YES;
				CLANG_WARN_CONSTANT_CONVERSION = YES;
				CLANG_WARN_DEPRECATED_OBJC_IMPLEMENTATIONS = YES;
				CLANG_WARN_DIRECT_OBJC_ISA_USAGE = YES_ERROR;
				CLANG_WARN_DOCUMENTATION_COMMENTS = YES;
				CLANG_WARN_EMPTY_BODY = YES;
				CLANG_WARN_ENUM_CONVERSION = YES;
				CLANG_WARN_INFINITE_RECURSION = YES;
				CLANG_WARN_INT_CONVERSION = YES;
				CLANG_WARN_NON_LITERAL_NULL_CONVERSION = YES;
				CLANG_WARN_OBJC_IMPLICIT_RETAIN_SELF = YES;
				CLANG_WARN_OBJC_LITERAL_CONVERSION = YES;
				CLANG_WARN_OBJC_ROOT_CLASS = YES_ERROR;
				CLANG_WARN_QUOTED_INCLUDE_IN_FRAMEWORK_HEADER = YES;
				CLANG_WARN_RANGE_LOOP_ANALYSIS = YES;
				CLANG_WARN_STRICT_PROTOTYPES = YES;
				CLANG_WARN_SUSPICIOUS_MOVE = YES;
				CLANG_WARN_UNGUARDED_AVAILABILITY = YES_AGGRESSIVE;
				CLANG_WARN_UNREACHABLE_CODE = YES;
				CLANG_WARN__DUPLICATE_METHOD_MATCH = YES;
				COPY_PHASE_STRIP = NO;
				DEBUG_INFORMATION_FORMAT = dwarf;
				ENABLE_STRICT_OBJC_MSGSEND = YES;
				ENABLE_TESTABILITY = YES;
				ENABLE_USER_SCRIPT_SANDBOXING = YES;
				GCC_C_LANGUAGE_STANDARD = gnu17;
				GCC_DYNAMIC_NO_PIC = NO;
				GCC_NO_COMMON_BLOCKS = YES;
				GCC_OPTIMIZATION_LEVEL = 0;
				GCC_PREPROCESSOR_DEFINITIONS = (
					"DEBUG=1",
					"$(inherited)",
				);
				GCC_WARN_64_TO_32_BIT_CONVERSION = YES;
				GCC_WARN_ABOUT_RETURN_TYPE = YES_ERROR;
				GCC_WARN_UNDECLARED_SELECTOR = YES;
				GCC_WARN_UNINITIALIZED_AUTOS = YES_AGGRESSIVE;
				GCC_WARN_UNUSED_FUNCTION = YES;
				GCC_WARN_UNUSED_VARIABLE = YES;
				IPHONEOS_DEPLOYMENT_TARGET = 17.2;
				LOCALIZATION_PREFERS_STRING_CATALOGS = YES;
				MTL_ENABLE_DEBUG_INFO = INCLUDE_SOURCE;
				MTL_FAST_MATH = YES;
				ONLY_ACTIVE_ARCH = YES;
				SDKROOT = iphoneos;
				SWIFT_ACTIVE_COMPILATION_CONDITIONS = "DEBUG $(inherited)";
				SWIFT_OPTIMIZATION_LEVEL = "-Onone";
			};
			name = Debug;
		};
		FBF563CB2B9A89EE007EC769 /* Release */ = {
			isa = XCBuildConfiguration;
			buildSettings = {
				ALWAYS_SEARCH_USER_PATHS = NO;
				ASSETCATALOG_COMPILER_GENERATE_SWIFT_ASSET_SYMBOL_EXTENSIONS = YES;
				CLANG_ANALYZER_NONNULL = YES;
				CLANG_ANALYZER_NUMBER_OBJECT_CONVERSION = YES_AGGRESSIVE;
				CLANG_CXX_LANGUAGE_STANDARD = "gnu++20";
				CLANG_ENABLE_MODULES = YES;
				CLANG_ENABLE_OBJC_ARC = YES;
				CLANG_ENABLE_OBJC_WEAK = YES;
				CLANG_WARN_BLOCK_CAPTURE_AUTORELEASING = YES;
				CLANG_WARN_BOOL_CONVERSION = YES;
				CLANG_WARN_COMMA = YES;
				CLANG_WARN_CONSTANT_CONVERSION = YES;
				CLANG_WARN_DEPRECATED_OBJC_IMPLEMENTATIONS = YES;
				CLANG_WARN_DIRECT_OBJC_ISA_USAGE = YES_ERROR;
				CLANG_WARN_DOCUMENTATION_COMMENTS = YES;
				CLANG_WARN_EMPTY_BODY = YES;
				CLANG_WARN_ENUM_CONVERSION = YES;
				CLANG_WARN_INFINITE_RECURSION = YES;
				CLANG_WARN_INT_CONVERSION = YES;
				CLANG_WARN_NON_LITERAL_NULL_CONVERSION = YES;
				CLANG_WARN_OBJC_IMPLICIT_RETAIN_SELF = YES;
				CLANG_WARN_OBJC_LITERAL_CONVERSION = YES;
				CLANG_WARN_OBJC_ROOT_CLASS = YES_ERROR;
				CLANG_WARN_QUOTED_INCLUDE_IN_FRAMEWORK_HEADER = YES;
				CLANG_WARN_RANGE_LOOP_ANALYSIS = YES;
				CLANG_WARN_STRICT_PROTOTYPES = YES;
				CLANG_WARN_SUSPICIOUS_MOVE = YES;
				CLANG_WARN_UNGUARDED_AVAILABILITY = YES_AGGRESSIVE;
				CLANG_WARN_UNREACHABLE_CODE = YES;
				CLANG_WARN__DUPLICATE_METHOD_MATCH = YES;
				COPY_PHASE_STRIP = NO;
				DEBUG_INFORMATION_FORMAT = "dwarf-with-dsym";
				ENABLE_NS_ASSERTIONS = NO;
				ENABLE_STRICT_OBJC_MSGSEND = YES;
				ENABLE_USER_SCRIPT_SANDBOXING = YES;
				GCC_C_LANGUAGE_STANDARD = gnu17;
				GCC_NO_COMMON_BLOCKS = YES;
				GCC_WARN_64_TO_32_BIT_CONVERSION = YES;
				GCC_WARN_ABOUT_RETURN_TYPE = YES_ERROR;
				GCC_WARN_UNDECLARED_SELECTOR = YES;
				GCC_WARN_UNINITIALIZED_AUTOS = YES_AGGRESSIVE;
				GCC_WARN_UNUSED_FUNCTION = YES;
				GCC_WARN_UNUSED_VARIABLE = YES;
				IPHONEOS_DEPLOYMENT_TARGET = 17.2;
				LOCALIZATION_PREFERS_STRING_CATALOGS = YES;
				MTL_ENABLE_DEBUG_INFO = NO;
				MTL_FAST_MATH = YES;
				SDKROOT = iphoneos;
				SWIFT_COMPILATION_MODE = wholemodule;
				VALIDATE_PRODUCT = YES;
			};
			name = Release;
		};
		FBF563CD2B9A89EE007EC769 /* Debug */ = {
			isa = XCBuildConfiguration;
			buildSettings = {
				ASSETCATALOG_COMPILER_APPICON_NAME = AppIcon;
				ASSETCATALOG_COMPILER_GLOBAL_ACCENT_COLOR_NAME = AccentColor;
				CODE_SIGN_STYLE = Automatic;
				CURRENT_PROJECT_VERSION = 1;
				DEVELOPMENT_TEAM = 687PTBMCWB;
				GENERATE_INFOPLIST_FILE = YES;
				INFOPLIST_KEY_UIApplicationSupportsIndirectInputEvents = YES;
				INFOPLIST_KEY_UILaunchStoryboardName = LaunchScreen;
				INFOPLIST_KEY_UIMainStoryboardFile = Main;
				INFOPLIST_KEY_UIRequiresFullScreen = YES;
				INFOPLIST_KEY_UIStatusBarHidden = YES;
				INFOPLIST_KEY_UISupportedInterfaceOrientations = "UIInterfaceOrientationLandscapeLeft UIInterfaceOrientationLandscapeRight";
				INFOPLIST_KEY_UISupportedInterfaceOrientations_iPad = "UIInterfaceOrientationLandscapeLeft UIInterfaceOrientationLandscapeRight UIInterfaceOrientationPortraitUpsideDown";
				LD_RUNPATH_SEARCH_PATHS = (
					"$(inherited)",
					"@executable_path/Frameworks",
				);
				MARKETING_VERSION = 1.0;
				PRODUCT_BUNDLE_IDENTIFIER = makikooni.trialshift;
				PRODUCT_NAME = "$(TARGET_NAME)";
				SWIFT_EMIT_LOC_STRINGS = YES;
				SWIFT_VERSION = 5.0;
				TARGETED_DEVICE_FAMILY = "1,2";
			};
			name = Debug;
		};
		FBF563CE2B9A89EE007EC769 /* Release */ = {
			isa = XCBuildConfiguration;
			buildSettings = {
				ASSETCATALOG_COMPILER_APPICON_NAME = AppIcon;
				ASSETCATALOG_COMPILER_GLOBAL_ACCENT_COLOR_NAME = AccentColor;
				CODE_SIGN_STYLE = Automatic;
				CURRENT_PROJECT_VERSION = 1;
				DEVELOPMENT_TEAM = 687PTBMCWB;
				GENERATE_INFOPLIST_FILE = YES;
				INFOPLIST_KEY_UIApplicationSupportsIndirectInputEvents = YES;
				INFOPLIST_KEY_UILaunchStoryboardName = LaunchScreen;
				INFOPLIST_KEY_UIMainStoryboardFile = Main;
				INFOPLIST_KEY_UIRequiresFullScreen = YES;
				INFOPLIST_KEY_UIStatusBarHidden = YES;
				INFOPLIST_KEY_UISupportedInterfaceOrientations = "UIInterfaceOrientationLandscapeLeft UIInterfaceOrientationLandscapeRight";
				INFOPLIST_KEY_UISupportedInterfaceOrientations_iPad = "UIInterfaceOrientationLandscapeLeft UIInterfaceOrientationLandscapeRight UIInterfaceOrientationPortraitUpsideDown";
				LD_RUNPATH_SEARCH_PATHS = (
					"$(inherited)",
					"@executable_path/Frameworks",
				);
				MARKETING_VERSION = 1.0;
				PRODUCT_BUNDLE_IDENTIFIER = makikooni.trialshift;
				PRODUCT_NAME = "$(TARGET_NAME)";
				SWIFT_EMIT_LOC_STRINGS = YES;
				SWIFT_VERSION = 5.0;
				TARGETED_DEVICE_FAMILY = "1,2";
			};
			name = Release;
		};
/* End XCBuildConfiguration section */

/* Begin XCConfigurationList section */
		FBF563B02B9A89ED007EC769 /* Build configuration list for PBXProject "trialshift" */ = {
			isa = XCConfigurationList;
			buildConfigurations = (
				FBF563CA2B9A89EE007EC769 /* Debug */,
				FBF563CB2B9A89EE007EC769 /* Release */,
			);
			defaultConfigurationIsVisible = 0;
			defaultConfigurationName = Release;
		};
		FBF563CC2B9A89EE007EC769 /* Build configuration list for PBXNativeTarget "trialshift" */ = {
			isa = XCConfigurationList;
			buildConfigurations = (
				FBF563CD2B9A89EE007EC769 /* Debug */,
				FBF563CE2B9A89EE007EC769 /* Release */,
			);
			defaultConfigurationIsVisible = 0;
			defaultConfigurationName = Release;
		};
/* End XCConfigurationList section */
	};
	rootObject = FBF563AD2B9A89ED007EC769 /* Project object */;
}
